// !$*UTF8*$!
{
	archiveVersion = 1;
	classes = {
	};
	objectVersion = 51;
	objects = {

/* Begin PBXBuildFile section */
		5F3D3342247E7336001A1C39 /* AppDelegate.swift in Sources */ = {isa = PBXBuildFile; fileRef = 5F3D3341247E7336001A1C39 /* AppDelegate.swift */; };
		5F3D3344247E7336001A1C39 /* SceneDelegate.swift in Sources */ = {isa = PBXBuildFile; fileRef = 5F3D3343247E7336001A1C39 /* SceneDelegate.swift */; };
		5F3D3346247E7336001A1C39 /* ViewController.swift in Sources */ = {isa = PBXBuildFile; fileRef = 5F3D3345247E7336001A1C39 /* ViewController.swift */; };
		5F3D3349247E7336001A1C39 /* Main.storyboard in Resources */ = {isa = PBXBuildFile; fileRef = 5F3D3347247E7336001A1C39 /* Main.storyboard */; };
		5F3D334B247E7339001A1C39 /* Assets.xcassets in Resources */ = {isa = PBXBuildFile; fileRef = 5F3D334A247E7339001A1C39 /* Assets.xcassets */; };
		5F3D334E247E7339001A1C39 /* LaunchScreen.storyboard in Resources */ = {isa = PBXBuildFile; fileRef = 5F3D334C247E7339001A1C39 /* LaunchScreen.storyboard */; };
		5F6A660B247E8E770000885D /* Authorize.swift in Sources */ = {isa = PBXBuildFile; fileRef = 5F6A660A247E8E770000885D /* Authorize.swift */; };
		5F6A660D247FB4DA0000885D /* AuthorizeResultVC.swift in Sources */ = {isa = PBXBuildFile; fileRef = 5F6A660C247FB4DA0000885D /* AuthorizeResultVC.swift */; };
		A870F5B635BBDE0D35A5B6ED /* Pods_testWork.framework in Frameworks */ = {isa = PBXBuildFile; fileRef = B423E4661DEA4598B8E471B6 /* Pods_testWork.framework */; };
/* End PBXBuildFile section */

/* Begin PBXFileReference section */
		3E38B625F6681B290FE7685C /* Pods-testWork.release.xcconfig */ = {isa = PBXFileReference; includeInIndex = 1; lastKnownFileType = text.xcconfig; name = "Pods-testWork.release.xcconfig"; path = "Target Support Files/Pods-testWork/Pods-testWork.release.xcconfig"; sourceTree = "<group>"; };
		5F3D333E247E7336001A1C39 /* testWork.app */ = {isa = PBXFileReference; explicitFileType = wrapper.application; includeInIndex = 0; path = testWork.app; sourceTree = BUILT_PRODUCTS_DIR; };
		5F3D3341247E7336001A1C39 /* AppDelegate.swift */ = {isa = PBXFileReference; lastKnownFileType = sourcecode.swift; path = AppDelegate.swift; sourceTree = "<group>"; };
		5F3D3343247E7336001A1C39 /* SceneDelegate.swift */ = {isa = PBXFileReference; lastKnownFileType = sourcecode.swift; path = SceneDelegate.swift; sourceTree = "<group>"; };
		5F3D3345247E7336001A1C39 /* ViewController.swift */ = {isa = PBXFileReference; lastKnownFileType = sourcecode.swift; path = ViewController.swift; sourceTree = "<group>"; };
		5F3D3348247E7336001A1C39 /* Base */ = {isa = PBXFileReference; lastKnownFileType = file.storyboard; name = Base; path = Base.lproj/Main.storyboard; sourceTree = "<group>"; };
		5F3D334A247E7339001A1C39 /* Assets.xcassets */ = {isa = PBXFileReference; lastKnownFileType = folder.assetcatalog; path = Assets.xcassets; sourceTree = "<group>"; };
		5F3D334D247E7339001A1C39 /* Base */ = {isa = PBXFileReference; lastKnownFileType = file.storyboard; name = Base; path = Base.lproj/LaunchScreen.storyboard; sourceTree = "<group>"; };
		5F3D334F247E7339001A1C39 /* Info.plist */ = {isa = PBXFileReference; lastKnownFileType = text.plist.xml; path = Info.plist; sourceTree = "<group>"; };
		5F6A660A247E8E770000885D /* Authorize.swift */ = {isa = PBXFileReference; lastKnownFileType = sourcecode.swift; path = Authorize.swift; sourceTree = "<group>"; };
		5F6A660C247FB4DA0000885D /* AuthorizeResultVC.swift */ = {isa = PBXFileReference; lastKnownFileType = sourcecode.swift; path = AuthorizeResultVC.swift; sourceTree = "<group>"; };
		B423E4661DEA4598B8E471B6 /* Pods_testWork.framework */ = {isa = PBXFileReference; explicitFileType = wrapper.framework; includeInIndex = 0; path = Pods_testWork.framework; sourceTree = BUILT_PRODUCTS_DIR; };
		D29C0E55E6BB8A833945E32B /* Pods-testWork.debug.xcconfig */ = {isa = PBXFileReference; includeInIndex = 1; lastKnownFileType = text.xcconfig; name = "Pods-testWork.debug.xcconfig"; path = "Target Support Files/Pods-testWork/Pods-testWork.debug.xcconfig"; sourceTree = "<group>"; };
/* End PBXFileReference section */

/* Begin PBXFrameworksBuildPhase section */
		5F3D333B247E7336001A1C39 /* Frameworks */ = {
			isa = PBXFrameworksBuildPhase;
			buildActionMask = 2147483647;
			files = (
				A870F5B635BBDE0D35A5B6ED /* Pods_testWork.framework in Frameworks */,
			);
			runOnlyForDeploymentPostprocessing = 0;
		};
/* End PBXFrameworksBuildPhase section */

/* Begin PBXGroup section */
		43ED87F52CF9C6411628141C /* Frameworks */ = {
			isa = PBXGroup;
			children = (
				B423E4661DEA4598B8E471B6 /* Pods_testWork.framework */,
			);
			name = Frameworks;
			sourceTree = "<group>";
		};
		5F3D3335247E7336001A1C39 = {
			isa = PBXGroup;
			children = (
				5F3D3340247E7336001A1C39 /* testWork */,
				5F3D333F247E7336001A1C39 /* Products */,
				A1B16C1214386E1FF0E4F0AB /* Pods */,
				43ED87F52CF9C6411628141C /* Frameworks */,
			);
			sourceTree = "<group>";
		};
		5F3D333F247E7336001A1C39 /* Products */ = {
			isa = PBXGroup;
			children = (
				5F3D333E247E7336001A1C39 /* testWork.app */,
			);
			name = Products;
			sourceTree = "<group>";
		};
		5F3D3340247E7336001A1C39 /* testWork */ = {
			isa = PBXGroup;
			children = (
				5F3D3341247E7336001A1C39 /* AppDelegate.swift */,
				5F3D3343247E7336001A1C39 /* SceneDelegate.swift */,
				5F3D3345247E7336001A1C39 /* ViewController.swift */,
				5F6A660C247FB4DA0000885D /* AuthorizeResultVC.swift */,
				5F6A660A247E8E770000885D /* Authorize.swift */,
				5F3D3347247E7336001A1C39 /* Main.storyboard */,
				5F3D334A247E7339001A1C39 /* Assets.xcassets */,
				5F3D334C247E7339001A1C39 /* LaunchScreen.storyboard */,
				5F3D334F247E7339001A1C39 /* Info.plist */,
			);
			path = testWork;
			sourceTree = "<group>";
		};
		A1B16C1214386E1FF0E4F0AB /* Pods */ = {
			isa = PBXGroup;
			children = (
				D29C0E55E6BB8A833945E32B /* Pods-testWork.debug.xcconfig */,
				3E38B625F6681B290FE7685C /* Pods-testWork.release.xcconfig */,
			);
			path = Pods;
			sourceTree = "<group>";
		};
/* End PBXGroup section */

/* Begin PBXNativeTarget section */
		5F3D333D247E7336001A1C39 /* testWork */ = {
			isa = PBXNativeTarget;
			buildConfigurationList = 5F3D3352247E7339001A1C39 /* Build configuration list for PBXNativeTarget "testWork" */;
			buildPhases = (
				45F57D2FE74B76EB8D586DED /* [CP] Check Pods Manifest.lock */,
				5F3D333A247E7336001A1C39 /* Sources */,
				5F3D333B247E7336001A1C39 /* Frameworks */,
				5F3D333C247E7336001A1C39 /* Resources */,
				0732A5A246934C134F8A0A29 /* [CP] Embed Pods Frameworks */,
			);
			buildRules = (
			);
			dependencies = (
			);
			name = testWork;
			productName = testWork;
			productReference = 5F3D333E247E7336001A1C39 /* testWork.app */;
			productType = "com.apple.product-type.application";
		};
/* End PBXNativeTarget section */

/* Begin PBXProject section */
		5F3D3336247E7336001A1C39 /* Project object */ = {
			isa = PBXProject;
			attributes = {
				LastSwiftUpdateCheck = 1150;
				LastUpgradeCheck = 1150;
				ORGANIZATIONNAME = "Илья";
				TargetAttributes = {
					5F3D333D247E7336001A1C39 = {
						CreatedOnToolsVersion = 11.5;
					};
				};
			};
			buildConfigurationList = 5F3D3339247E7336001A1C39 /* Build configuration list for PBXProject "testWork" */;
			compatibilityVersion = "Xcode 9.3";
			developmentRegion = en;
			hasScannedForEncodings = 0;
			knownRegions = (
				en,
				Base,
			);
			mainGroup = 5F3D3335247E7336001A1C39;
			productRefGroup = 5F3D333F247E7336001A1C39 /* Products */;
			projectDirPath = "";
			projectRoot = "";
			targets = (
				5F3D333D247E7336001A1C39 /* testWork */,
			);
		};
/* End PBXProject section */

/* Begin PBXResourcesBuildPhase section */
		5F3D333C247E7336001A1C39 /* Resources */ = {
			isa = PBXResourcesBuildPhase;
			buildActionMask = 2147483647;
			files = (
				5F3D334E247E7339001A1C39 /* LaunchScreen.storyboard in Resources */,
				5F3D334B247E7339001A1C39 /* Assets.xcassets in Resources */,
				5F3D3349247E7336001A1C39 /* Main.storyboard in Resources */,
			);
			runOnlyForDeploymentPostprocessing = 0;
		};
/* End PBXResourcesBuildPhase section */

/* Begin PBXShellScriptBuildPhase section */
		0732A5A246934C134F8A0A29 /* [CP] Embed Pods Frameworks */ = {
			isa = PBXShellScriptBuildPhase;
			buildActionMask = 2147483647;
			files = (
			);
			inputFileListPaths = (
				"${PODS_ROOT}/Target Support Files/Pods-testWork/Pods-testWork-frameworks-${CONFIGURATION}-input-files.xcfilelist",
			);
			name = "[CP] Embed Pods Frameworks";
			outputFileListPaths = (
				"${PODS_ROOT}/Target Support Files/Pods-testWork/Pods-testWork-frameworks-${CONFIGURATION}-output-files.xcfilelist",
			);
			runOnlyForDeploymentPostprocessing = 0;
			shellPath = /bin/sh;
			shellScript = "\"${PODS_ROOT}/Target Support Files/Pods-testWork/Pods-testWork-frameworks.sh\"\n";
			showEnvVarsInLog = 0;
		};
		45F57D2FE74B76EB8D586DED /* [CP] Check Pods Manifest.lock */ = {
			isa = PBXShellScriptBuildPhase;
			buildActionMask = 2147483647;
			files = (
			);
			inputFileListPaths = (
			);
			inputPaths = (
				"${PODS_PODFILE_DIR_PATH}/Podfile.lock",
				"${PODS_ROOT}/Manifest.lock",
			);
			name = "[CP] Check Pods Manifest.lock";
			outputFileListPaths = (
			);
			outputPaths = (
				"$(DERIVED_FILE_DIR)/Pods-testWork-checkManifestLockResult.txt",
			);
			runOnlyForDeploymentPostprocessing = 0;
			shellPath = /bin/sh;
			shellScript = "diff \"${PODS_PODFILE_DIR_PATH}/Podfile.lock\" \"${PODS_ROOT}/Manifest.lock\" > /dev/null\nif [ $? != 0 ] ; then\n    # print error to STDERR\n    echo \"error: The sandbox is not in sync with the Podfile.lock. Run 'pod install' or update your CocoaPods installation.\" >&2\n    exit 1\nfi\n# This output is used by Xcode 'outputs' to avoid re-running this script phase.\necho \"SUCCESS\" > \"${SCRIPT_OUTPUT_FILE_0}\"\n";
			showEnvVarsInLog = 0;
		};
/* End PBXShellScriptBuildPhase section */

/* Begin PBXSourcesBuildPhase section */
		5F3D333A247E7336001A1C39 /* Sources */ = {
			isa = PBXSourcesBuildPhase;
			buildActionMask = 2147483647;
			files = (
				5F6A660D247FB4DA0000885D /* AuthorizeResultVC.swift in Sources */,
				5F3D3346247E7336001A1C39 /* ViewController.swift in Sources */,
				5F6A660B247E8E770000885D /* Authorize.swift in Sources */,
				5F3D3342247E7336001A1C39 /* AppDelegate.swift in Sources */,
				5F3D3344247E7336001A1C39 /* SceneDelegate.swift in Sources */,
			);
			runOnlyForDeploymentPostprocessing = 0;
		};
/* End PBXSourcesBuildPhase section */

/* Begin PBXVariantGroup section */
		5F3D3347247E7336001A1C39 /* Main.storyboard */ = {
			isa = PBXVariantGroup;
			children = (
				5F3D3348247E7336001A1C39 /* Base */,
			);
			name = Main.storyboard;
			sourceTree = "<group>";
		};
		5F3D334C247E7339001A1C39 /* LaunchScreen.storyboard */ = {
			isa = PBXVariantGroup;
			children = (
				5F3D334D247E7339001A1C39 /* Base */,
			);
			name = LaunchScreen.storyboard;
			sourceTree = "<group>";
		};
/* End PBXVariantGroup section */

/* Begin XCBuildConfiguration section */
		5F3D3350247E7339001A1C39 /* Debug */ = {
			isa = XCBuildConfiguration;
			buildSettings = {
				ALWAYS_SEARCH_USER_PATHS = NO;
				CLANG_ANALYZER_NONNULL = YES;
				CLANG_ANALYZER_NUMBER_OBJECT_CONVERSION = YES_AGGRESSIVE;
				CLANG_CXX_LANGUAGE_STANDARD = "gnu++14";
				CLANG_CXX_LIBRARY = "libc++";
				CLANG_ENABLE_MODULES = YES;
				CLANG_ENABLE_OBJC_ARC = YES;
				CLANG_ENABLE_OBJC_WEAK = YES;
				CLANG_WARN_BLOCK_CAPTURE_AUTORELEASING = YES;
				CLANG_WARN_BOOL_CONVERSION = YES;
				CLANG_WARN_COMMA = YES;
				CLANG_WARN_CONSTANT_CONVERSION = YES;
				CLANG_WARN_DEPRECATED_OBJC_IMPLEMENTATIONS = YES;
				CLANG_WARN_DIRECT_OBJC_ISA_USAGE = YES_ERROR;
				CLANG_WARN_DOCUMENTATION_COMMENTS = YES;
				CLANG_WARN_EMPTY_BODY = YES;
				CLANG_WARN_ENUM_CONVERSION = YES;
				CLANG_WARN_INFINITE_RECURSION = YES;
				CLANG_WARN_INT_CONVERSION = YES;
				CLANG_WARN_NON_LITERAL_NULL_CONVERSION = YES;
				CLANG_WARN_OBJC_IMPLICIT_RETAIN_SELF = YES;
				CLANG_WARN_OBJC_LITERAL_CONVERSION = YES;
				CLANG_WARN_OBJC_ROOT_CLASS = YES_ERROR;
				CLANG_WARN_RANGE_LOOP_ANALYSIS = YES;
				CLANG_WARN_STRICT_PROTOTYPES = YES;
				CLANG_WARN_SUSPICIOUS_MOVE = YES;
				CLANG_WARN_UNGUARDED_AVAILABILITY = YES_AGGRESSIVE;
				CLANG_WARN_UNREACHABLE_CODE = YES;
				CLANG_WARN__DUPLICATE_METHOD_MATCH = YES;
				COPY_PHASE_STRIP = NO;
				DEBUG_INFORMATION_FORMAT = dwarf;
				ENABLE_STRICT_OBJC_MSGSEND = YES;
				ENABLE_TESTABILITY = YES;
				GCC_C_LANGUAGE_STANDARD = gnu11;
				GCC_DYNAMIC_NO_PIC = NO;
				GCC_NO_COMMON_BLOCKS = YES;
				GCC_OPTIMIZATION_LEVEL = 0;
				GCC_PREPROCESSOR_DEFINITIONS = (
					"DEBUG=1",
					"$(inherited)",
				);
				GCC_WARN_64_TO_32_BIT_CONVERSION = YES;
				GCC_WARN_ABOUT_RETURN_TYPE = YES_ERROR;
				GCC_WARN_UNDECLARED_SELECTOR = YES;
				GCC_WARN_UNINITIALIZED_AUTOS = YES_AGGRESSIVE;
				GCC_WARN_UNUSED_FUNCTION = YES;
				GCC_WARN_UNUSED_VARIABLE = YES;
				IPHONEOS_DEPLOYMENT_TARGET = 13.5;
				MTL_ENABLE_DEBUG_INFO = INCLUDE_SOURCE;
				MTL_FAST_MATH = YES;
				ONLY_ACTIVE_ARCH = YES;
				SDKROOT = iphoneos;
				SWIFT_ACTIVE_COMPILATION_CONDITIONS = DEBUG;
				SWIFT_OPTIMIZATION_LEVEL = "-Onone";
			};
			name = Debug;
		};
		5F3D3351247E7339001A1C39 /* Release */ = {
			isa = XCBuildConfiguration;
			buildSettings = {
				ALWAYS_SEARCH_USER_PATHS = NO;
				CLANG_ANALYZER_NONNULL = YES;
				CLANG_ANALYZER_NUMBER_OBJECT_CONVERSION = YES_AGGRESSIVE;
				CLANG_CXX_LANGUAGE_STANDARD = "gnu++14";
				CLANG_CXX_LIBRARY = "libc++";
				CLANG_ENABLE_MODULES = YES;
				CLANG_ENABLE_OBJC_ARC = YES;
				CLANG_ENABLE_OBJC_WEAK = YES;
				CLANG_WARN_BLOCK_CAPTURE_AUTORELEASING = YES;
				CLANG_WARN_BOOL_CONVERSION = YES;
				CLANG_WARN_COMMA = YES;
				CLANG_WARN_CONSTANT_CONVERSION = YES;
				CLANG_WARN_DEPRECATED_OBJC_IMPLEMENTATIONS = YES;
				CLANG_WARN_DIRECT_OBJC_ISA_USAGE = YES_ERROR;
				CLANG_WARN_DOCUMENTATION_COMMENTS = YES;
				CLANG_WARN_EMPTY_BODY = YES;
				CLANG_WARN_ENUM_CONVERSION = YES;
				CLANG_WARN_INFINITE_RECURSION = YES;
				CLANG_WARN_INT_CONVERSION = YES;
				CLANG_WARN_NON_LITERAL_NULL_CONVERSION = YES;
				CLANG_WARN_OBJC_IMPLICIT_RETAIN_SELF = YES;
				CLANG_WARN_OBJC_LITERAL_CONVERSION = YES;
				CLANG_WARN_OBJC_ROOT_CLASS = YES_ERROR;
				CLANG_WARN_RANGE_LOOP_ANALYSIS = YES;
				CLANG_WARN_STRICT_PROTOTYPES = YES;
				CLANG_WARN_SUSPICIOUS_MOVE = YES;
				CLANG_WARN_UNGUARDED_AVAILABILITY = YES_AGGRESSIVE;
				CLANG_WARN_UNREACHABLE_CODE = YES;
				CLANG_WARN__DUPLICATE_METHOD_MATCH = YES;
				COPY_PHASE_STRIP = NO;
				DEBUG_INFORMATION_FORMAT = "dwarf-with-dsym";
				ENABLE_NS_ASSERTIONS = NO;
				ENABLE_STRICT_OBJC_MSGSEND = YES;
				GCC_C_LANGUAGE_STANDARD = gnu11;
				GCC_NO_COMMON_BLOCKS = YES;
				GCC_WARN_64_TO_32_BIT_CONVERSION = YES;
				GCC_WARN_ABOUT_RETURN_TYPE = YES_ERROR;
				GCC_WARN_UNDECLARED_SELECTOR = YES;
				GCC_WARN_UNINITIALIZED_AUTOS = YES_AGGRESSIVE;
				GCC_WARN_UNUSED_FUNCTION = YES;
				GCC_WARN_UNUSED_VARIABLE = YES;
				IPHONEOS_DEPLOYMENT_TARGET = 13.5;
				MTL_ENABLE_DEBUG_INFO = NO;
				MTL_FAST_MATH = YES;
				SDKROOT = iphoneos;
				SWIFT_COMPILATION_MODE = wholemodule;
				SWIFT_OPTIMIZATION_LEVEL = "-O";
				VALIDATE_PRODUCT = YES;
			};
			name = Release;
		};
		5F3D3353247E7339001A1C39 /* Debug */ = {
			isa = XCBuildConfiguration;
			baseConfigurationReference = D29C0E55E6BB8A833945E32B /* Pods-testWork.debug.xcconfig */;
			buildSettings = {
				ASSETCATALOG_COMPILER_APPICON_NAME = AppIcon;
				CODE_SIGN_STYLE = Automatic;
				DEVELOPMENT_TEAM = 5MY5EM6262;
				INFOPLIST_FILE = testWork/Info.plist;
				IPHONEOS_DEPLOYMENT_TARGET = 13.2;
				LD_RUNPATH_SEARCH_PATHS = (
					"$(inherited)",
					"@executable_path/Frameworks",
				);
				PRODUCT_BUNDLE_IDENTIFIER = "-372.testWork";
				PRODUCT_NAME = "$(TARGET_NAME)";
				SWIFT_VERSION = 5.0;
				TARGETED_DEVICE_FAMILY = 1;
			};
			name = Debug;
		};
		5F3D3354247E7339001A1C39 /* Release */ = {
			isa = XCBuildConfiguration;
			baseConfigurationReference = 3E38B625F6681B290FE7685C /* Pods-testWork.release.xcconfig */;
			buildSettings = {
				ASSETCATALOG_COMPILER_APPICON_NAME = AppIcon;
				CODE_SIGN_STYLE = Automatic;
				DEVELOPMENT_TEAM = 5MY5EM6262;
				INFOPLIST_FILE = testWork/Info.plist;
				IPHONEOS_DEPLOYMENT_TARGET = 13.2;
				LD_RUNPATH_SEARCH_PATHS = (
					"$(inherited)",
					"@executable_path/Frameworks",
				);
				PRODUCT_BUNDLE_IDENTIFIER = "-372.testWork";
				PRODUCT_NAME = "$(TARGET_NAME)";
				SWIFT_VERSION = 5.0;
				TARGETED_DEVICE_FAMILY = 1;
			};
			name = Release;
		};
/* End XCBuildConfiguration section */

/* Begin XCConfigurationList section */
		5F3D3339247E7336001A1C39 /* Build configuration list for PBXProject "testWork" */ = {
			isa = XCConfigurationList;
			buildConfigurations = (
				5F3D3350247E7339001A1C39 /* Debug */,
				5F3D3351247E7339001A1C39 /* Release */,
			);
			defaultConfigurationIsVisible = 0;
			defaultConfigurationName = Release;
		};
		5F3D3352247E7339001A1C39 /* Build configuration list for PBXNativeTarget "testWork" */ = {
			isa = XCConfigurationList;
			buildConfigurations = (
				5F3D3353247E7339001A1C39 /* Debug */,
				5F3D3354247E7339001A1C39 /* Release */,
			);
			defaultConfigurationIsVisible = 0;
			defaultConfigurationName = Release;
		};
/* End XCConfigurationList section */
	};
	rootObject = 5F3D3336247E7336001A1C39 /* Project object */;
}
